
Microsoft Visual Studio Solution File, Format Version 12.00
# Visual Studio Version 17
VisualStudioVersion = 17.12.35707.178 d17.12
MinimumVisualStudioVersion = 10.0.40219.1
Project("{2150E333-8FDC-42A3-9474-1A3956D46DE8}") = "src", "src", "{5152FA33-DCE2-465C-B3BB-B1F2C027C0FA}"
EndProject
Project("{2150E333-8FDC-42A3-9474-1A3956D46DE8}") = "tests", "tests", "{413E7586-B0E1-4097-A047-D44690D2BAA8}"
EndProject
Project("{2150E333-8FDC-42A3-9474-1A3956D46DE8}") = "images", "images", "{6A09E3D8-0A35-4482-9335-04C227097B6F}"
EndProject
Project("{FAE04EC0-301F-11D3-BF4B-00C04F79EFBC}") = "BarberBoss.Api", "src\BarberBoss.Api\BarberBoss.Api.csproj", "{18A15BF9-52B2-4A64-A0D6-20FC56F0BC8C}"
EndProject
Project("{FAE04EC0-301F-11D3-BF4B-00C04F79EFBC}") = "BarberBoss.Application", "src\BarberBoss.Application\BarberBoss.Application.csproj", "{3F2500FF-363E-4208-8EF7-1619CBCBB192}"
EndProject
Project("{FAE04EC0-301F-11D3-BF4B-00C04F79EFBC}") = "BarberBoss.Communication", "src\BarberBoss.Communication\BarberBoss.Communication.csproj", "{79026958-96BA-4F6E-9601-8D6C23AC3F5D}"
EndProject
Project("{FAE04EC0-301F-11D3-BF4B-00C04F79EFBC}") = "BarberBoss.Domain", "src\BarberBoss.Domain\BarberBoss.Domain.csproj", "{28BFDCFF-9E39-4484-961E-80305D06EC00}"
EndProject
Project("{FAE04EC0-301F-11D3-BF4B-00C04F79EFBC}") = "BarberBoss.Exception", "src\BarberBoss.Exception\BarberBoss.Exception.csproj", "{D151C869-77A7-468D-AE84-DCEFCD2EA076}"
EndProject
Project("{FAE04EC0-301F-11D3-BF4B-00C04F79EFBC}") = "BarberBoss.Infrastructure", "src\BarberBoss.Infrastructure\BarberBoss.Infrastructure.csproj", "{2FBCB690-CB1E-4D6A-BDEF-73F5B6EF85C9}"
EndProject
Project("{FAE04EC0-301F-11D3-BF4B-00C04F79EFBC}") = "CommonTestUtilities", "tests\CommonTestUtilities\CommonTestUtilities.csproj", "{00B1C2C1-59AE-4AC9-B5A6-ADDD47BA2412}"
EndProject
Project("{FAE04EC0-301F-11D3-BF4B-00C04F79EFBC}") = "UseCases.Test", "tests\UseCases.Test\UseCases.Test.csproj", "{8C50BA40-96B5-482D-9278-85AC3D89289C}"
EndProject
Project("{FAE04EC0-301F-11D3-BF4B-00C04F79EFBC}") = "Validators.Tests", "tests\Validators.Tests\Validators.Tests.csproj", "{86B5B7C1-F0F2-4277-9CB2-A8B1DD967A31}"
EndProject
Project("{FAE04EC0-301F-11D3-BF4B-00C04F79EFBC}") = "WebApi.Test", "tests\WebApi.Test\WebApi.Test.csproj", "{0F0BBFEC-B23E-467D-8481-8040EA708EF6}"
EndProject
Global
	GlobalSection(SolutionConfigurationPlatforms) = preSolution
		Debug|Any CPU = Debug|Any CPU
		Release|Any CPU = Release|Any CPU
	EndGlobalSection
	GlobalSection(ProjectConfigurationPlatforms) = postSolution
		{18A15BF9-52B2-4A64-A0D6-20FC56F0BC8C}.Debug|Any CPU.ActiveCfg = Debug|Any CPU
		{18A15BF9-52B2-4A64-A0D6-20FC56F0BC8C}.Debug|Any CPU.Build.0 = Debug|Any CPU
		{18A15BF9-52B2-4A64-A0D6-20FC56F0BC8C}.Release|Any CPU.ActiveCfg = Release|Any CPU
		{18A15BF9-52B2-4A64-A0D6-20FC56F0BC8C}.Release|Any CPU.Build.0 = Release|Any CPU
		{3F2500FF-363E-4208-8EF7-1619CBCBB192}.Debug|Any CPU.ActiveCfg = Debug|Any CPU
		{3F2500FF-363E-4208-8EF7-1619CBCBB192}.Debug|Any CPU.Build.0 = Debug|Any CPU
		{3F2500FF-363E-4208-8EF7-1619CBCBB192}.Release|Any CPU.ActiveCfg = Release|Any CPU
		{3F2500FF-363E-4208-8EF7-1619CBCBB192}.Release|Any CPU.Build.0 = Release|Any CPU
		{79026958-96BA-4F6E-9601-8D6C23AC3F5D}.Debug|Any CPU.ActiveCfg = Debug|Any CPU
		{79026958-96BA-4F6E-9601-8D6C23AC3F5D}.Debug|Any CPU.Build.0 = Debug|Any CPU
		{79026958-96BA-4F6E-9601-8D6C23AC3F5D}.Release|Any CPU.ActiveCfg = Release|Any CPU
		{79026958-96BA-4F6E-9601-8D6C23AC3F5D}.Release|Any CPU.Build.0 = Release|Any CPU
		{28BFDCFF-9E39-4484-961E-80305D06EC00}.Debug|Any CPU.ActiveCfg = Debug|Any CPU
		{28BFDCFF-9E39-4484-961E-80305D06EC00}.Debug|Any CPU.Build.0 = Debug|Any CPU
		{28BFDCFF-9E39-4484-961E-80305D06EC00}.Release|Any CPU.ActiveCfg = Release|Any CPU
		{28BFDCFF-9E39-4484-961E-80305D06EC00}.Release|Any CPU.Build.0 = Release|Any CPU
		{D151C869-77A7-468D-AE84-DCEFCD2EA076}.Debug|Any CPU.ActiveCfg = Debug|Any CPU
		{D151C869-77A7-468D-AE84-DCEFCD2EA076}.Debug|Any CPU.Build.0 = Debug|Any CPU
		{D151C869-77A7-468D-AE84-DCEFCD2EA076}.Release|Any CPU.ActiveCfg = Release|Any CPU
		{D151C869-77A7-468D-AE84-DCEFCD2EA076}.Release|Any CPU.Build.0 = Release|Any CPU
		{2FBCB690-CB1E-4D6A-BDEF-73F5B6EF85C9}.Debug|Any CPU.ActiveCfg = Debug|Any CPU
		{2FBCB690-CB1E-4D6A-BDEF-73F5B6EF85C9}.Debug|Any CPU.Build.0 = Debug|Any CPU
		{2FBCB690-CB1E-4D6A-BDEF-73F5B6EF85C9}.Release|Any CPU.ActiveCfg = Release|Any CPU
		{2FBCB690-CB1E-4D6A-BDEF-73F5B6EF85C9}.Release|Any CPU.Build.0 = Release|Any CPU
		{00B1C2C1-59AE-4AC9-B5A6-ADDD47BA2412}.Debug|Any CPU.ActiveCfg = Debug|Any CPU
		{00B1C2C1-59AE-4AC9-B5A6-ADDD47BA2412}.Debug|Any CPU.Build.0 = Debug|Any CPU
		{00B1C2C1-59AE-4AC9-B5A6-ADDD47BA2412}.Release|Any CPU.ActiveCfg = Release|Any CPU
		{00B1C2C1-59AE-4AC9-B5A6-ADDD47BA2412}.Release|Any CPU.Build.0 = Release|Any CPU
		{8C50BA40-96B5-482D-9278-85AC3D89289C}.Debug|Any CPU.ActiveCfg = Debug|Any CPU
		{8C50BA40-96B5-482D-9278-85AC3D89289C}.Debug|Any CPU.Build.0 = Debug|Any CPU
		{8C50BA40-96B5-482D-9278-85AC3D89289C}.Release|Any CPU.ActiveCfg = Release|Any CPU
		{8C50BA40-96B5-482D-9278-85AC3D89289C}.Release|Any CPU.Build.0 = Release|Any CPU
		{86B5B7C1-F0F2-4277-9CB2-A8B1DD967A31}.Debug|Any CPU.ActiveCfg = Debug|Any CPU
		{86B5B7C1-F0F2-4277-9CB2-A8B1DD967A31}.Debug|Any CPU.Build.0 = Debug|Any CPU
		{86B5B7C1-F0F2-4277-9CB2-A8B1DD967A31}.Release|Any CPU.ActiveCfg = Release|Any CPU
		{86B5B7C1-F0F2-4277-9CB2-A8B1DD967A31}.Release|Any CPU.Build.0 = Release|Any CPU
		{0F0BBFEC-B23E-467D-8481-8040EA708EF6}.Debug|Any CPU.ActiveCfg = Debug|Any CPU
		{0F0BBFEC-B23E-467D-8481-8040EA708EF6}.Debug|Any CPU.Build.0 = Debug|Any CPU
		{0F0BBFEC-B23E-467D-8481-8040EA708EF6}.Release|Any CPU.ActiveCfg = Release|Any CPU
		{0F0BBFEC-B23E-467D-8481-8040EA708EF6}.Release|Any CPU.Build.0 = Release|Any CPU
	EndGlobalSection
	GlobalSection(SolutionProperties) = preSolution
		HideSolutionNode = FALSE
	EndGlobalSection
	GlobalSection(NestedProjects) = preSolution
		{18A15BF9-52B2-4A64-A0D6-20FC56F0BC8C} = {5152FA33-DCE2-465C-B3BB-B1F2C027C0FA}
		{3F2500FF-363E-4208-8EF7-1619CBCBB192} = {5152FA33-DCE2-465C-B3BB-B1F2C027C0FA}
		{79026958-96BA-4F6E-9601-8D6C23AC3F5D} = {5152FA33-DCE2-465C-B3BB-B1F2C027C0FA}
		{28BFDCFF-9E39-4484-961E-80305D06EC00} = {5152FA33-DCE2-465C-B3BB-B1F2C027C0FA}
		{D151C869-77A7-468D-AE84-DCEFCD2EA076} = {5152FA33-DCE2-465C-B3BB-B1F2C027C0FA}
		{2FBCB690-CB1E-4D6A-BDEF-73F5B6EF85C9} = {5152FA33-DCE2-465C-B3BB-B1F2C027C0FA}
		{00B1C2C1-59AE-4AC9-B5A6-ADDD47BA2412} = {413E7586-B0E1-4097-A047-D44690D2BAA8}
		{8C50BA40-96B5-482D-9278-85AC3D89289C} = {413E7586-B0E1-4097-A047-D44690D2BAA8}
		{86B5B7C1-F0F2-4277-9CB2-A8B1DD967A31} = {413E7586-B0E1-4097-A047-D44690D2BAA8}
		{0F0BBFEC-B23E-467D-8481-8040EA708EF6} = {413E7586-B0E1-4097-A047-D44690D2BAA8}
	EndGlobalSection
EndGlobal
